
Microsoft Visual Studio Solution File, Format Version 12.00
# Visual Studio 14
VisualStudioVersion = 14.0.24720.0
MinimumVisualStudioVersion = 10.0.40219.1
Project("{FAE04EC0-301F-11D3-BF4B-00C04F79EFBC}") = "NewTechSample.Web", "NewTechSample.Web\NewTechSample.Web.csproj", "{EB3DB1AF-A783-4EE4-B01F-CD35FCAF7F55}"
EndProject
Project("{FAE04EC0-301F-11D3-BF4B-00C04F79EFBC}") = "NewTechSample.Data", "NewTechSample.Data\NewTechSample.Data.csproj", "{577942A3-4985-441B-BC30-114F0E3F46D2}"
EndProject
Global
	GlobalSection(SolutionConfigurationPlatforms) = preSolution
		Debug|Any CPU = Debug|Any CPU
		Release|Any CPU = Release|Any CPU
	EndGlobalSection
	GlobalSection(ProjectConfigurationPlatforms) = postSolution
		{EB3DB1AF-A783-4EE4-B01F-CD35FCAF7F55}.Debug|Any CPU.ActiveCfg = Debug|Any CPU
		{EB3DB1AF-A783-4EE4-B01F-CD35FCAF7F55}.Debug|Any CPU.Build.0 = Debug|Any CPU
		{EB3DB1AF-A783-4EE4-B01F-CD35FCAF7F55}.Release|Any CPU.ActiveCfg = Release|Any CPU
		{EB3DB1AF-A783-4EE4-B01F-CD35FCAF7F55}.Release|Any CPU.Build.0 = Release|Any CPU
		{577942A3-4985-441B-BC30-114F0E3F46D2}.Debug|Any CPU.ActiveCfg = Debug|Any CPU
		{577942A3-4985-441B-BC30-114F0E3F46D2}.Debug|Any CPU.Build.0 = Debug|Any CPU
		{577942A3-4985-441B-BC30-114F0E3F46D2}.Release|Any CPU.ActiveCfg = Release|Any CPU
		{577942A3-4985-441B-BC30-114F0E3F46D2}.Release|Any CPU.Build.0 = Release|Any CPU
	EndGlobalSection
	GlobalSection(SolutionProperties) = preSolution
		HideSolutionNode = FALSE
	EndGlobalSection
EndGlobal
